
Microsoft Visual Studio Solution File, Format Version 12.00
# Visual Studio 15
VisualStudioVersion = 15.0.26430.4
MinimumVisualStudioVersion = 10.0.40219.1
Project("{FAE04EC0-301F-11D3-BF4B-00C04F79EFBC}") = "Ex10", "Ex10\Ex10.csproj", "{93C58D89-E55C-46FD-9085-D18F72A48FC4}"
EndProject
Global
	GlobalSection(SolutionConfigurationPlatforms) = preSolution
		Debug|Any CPU = Debug|Any CPU
		Release|Any CPU = Release|Any CPU
	EndGlobalSection
	GlobalSection(ProjectConfigurationPlatforms) = postSolution
		{93C58D89-E55C-46FD-9085-D18F72A48FC4}.Debug|Any CPU.ActiveCfg = Debug|Any CPU
		{93C58D89-E55C-46FD-9085-D18F72A48FC4}.Debug|Any CPU.Build.0 = Debug|Any CPU
		{93C58D89-E55C-46FD-9085-D18F72A48FC4}.Release|Any CPU.ActiveCfg = Release|Any CPU
		{93C58D89-E55C-46FD-9085-D18F72A48FC4}.Release|Any CPU.Build.0 = Release|Any CPU
	EndGlobalSection
	GlobalSection(SolutionProperties) = preSolution
		HideSolutionNode = FALSE
	EndGlobalSection
EndGlobal
